
Microsoft Visual Studio Solution File, Format Version 12.00
Project("{FAE04EC0-301F-11D3-BF4B-00C04F79EFBC}") = "Apbd_Test_2", "Apbd_Test_2\Apbd_Test_2.csproj", "{5FD8BBEF-4130-40AC-9B91-FD22AA8BBD06}"
EndProject
Global
	GlobalSection(SolutionConfigurationPlatforms) = preSolution
		Debug|Any CPU = Debug|Any CPU
		Release|Any CPU = Release|Any CPU
	EndGlobalSection
	GlobalSection(ProjectConfigurationPlatforms) = postSolution
		{5FD8BBEF-4130-40AC-9B91-FD22AA8BBD06}.Debug|Any CPU.ActiveCfg = Debug|Any CPU
		{5FD8BBEF-4130-40AC-9B91-FD22AA8BBD06}.Debug|Any CPU.Build.0 = Debug|Any CPU
		{5FD8BBEF-4130-40AC-9B91-FD22AA8BBD06}.Release|Any CPU.ActiveCfg = Release|Any CPU
		{5FD8BBEF-4130-40AC-9B91-FD22AA8BBD06}.Release|Any CPU.Build.0 = Release|Any CPU
	EndGlobalSection
EndGlobal
